
Microsoft Visual Studio Solution File, Format Version 12.00
# Visual Studio Version 17
VisualStudioVersion = 17.3.32811.315
MinimumVisualStudioVersion = 10.0.40219.1
Project("{FAE04EC0-301F-11D3-BF4B-00C04F79EFBC}") = "ConsoleApp1", "ConsoleApp1\ConsoleApp1.csproj", "{840FD443-73EC-4ACC-BD19-99CBE852E3B5}"
EndProject
Global
	GlobalSection(SolutionConfigurationPlatforms) = preSolution
		Debug|Any CPU = Debug|Any CPU
		Release|Any CPU = Release|Any CPU
	EndGlobalSection
	GlobalSection(ProjectConfigurationPlatforms) = postSolution
		{840FD443-73EC-4ACC-BD19-99CBE852E3B5}.Debug|Any CPU.ActiveCfg = Debug|Any CPU
		{840FD443-73EC-4ACC-BD19-99CBE852E3B5}.Debug|Any CPU.Build.0 = Debug|Any CPU
		{840FD443-73EC-4ACC-BD19-99CBE852E3B5}.Release|Any CPU.ActiveCfg = Release|Any CPU
		{840FD443-73EC-4ACC-BD19-99CBE852E3B5}.Release|Any CPU.Build.0 = Release|Any CPU
	EndGlobalSection
	GlobalSection(SolutionProperties) = preSolution
		HideSolutionNode = FALSE
	EndGlobalSection
	GlobalSection(ExtensibilityGlobals) = postSolution
		SolutionGuid = {D201B6BF-0D6E-485B-AC07-2F6747AD0BD3}
	EndGlobalSection
EndGlobal
